
Microsoft Visual Studio Solution File, Format Version 12.00
# Visual Studio Version 17
VisualStudioVersion = 17.13.35919.96 d17.13
MinimumVisualStudioVersion = 10.0.40219.1
Project("{FAE04EC0-301F-11D3-BF4B-00C04F79EFBC}") = "EventHub", "EventHub\EventHub.csproj", "{CE9EA1F7-225D-4F1C-A3CA-C55C9E2A191B}"
EndProject
Global
	GlobalSection(SolutionConfigurationPlatforms) = preSolution
		Debug|Any CPU = Debug|Any CPU
		Release|Any CPU = Release|Any CPU
	EndGlobalSection
	GlobalSection(ProjectConfigurationPlatforms) = postSolution
		{CE9EA1F7-225D-4F1C-A3CA-C55C9E2A191B}.Debug|Any CPU.ActiveCfg = Debug|Any CPU
		{CE9EA1F7-225D-4F1C-A3CA-C55C9E2A191B}.Debug|Any CPU.Build.0 = Debug|Any CPU
		{CE9EA1F7-225D-4F1C-A3CA-C55C9E2A191B}.Release|Any CPU.ActiveCfg = Release|Any CPU
		{CE9EA1F7-225D-4F1C-A3CA-C55C9E2A191B}.Release|Any CPU.Build.0 = Release|Any CPU
	EndGlobalSection
	GlobalSection(SolutionProperties) = preSolution
		HideSolutionNode = FALSE
	EndGlobalSection
	GlobalSection(ExtensibilityGlobals) = postSolution
		SolutionGuid = {E3F42058-3ABF-4407-90F9-4DA993AF1A95}
	EndGlobalSection
EndGlobal
